
Microsoft Visual Studio Solution File, Format Version 12.00
# Visual Studio Version 17
VisualStudioVersion = 17.3.32922.545
MinimumVisualStudioVersion = 10.0.40219.1
Project("{FAE04EC0-301F-11D3-BF4B-00C04F79EFBC}") = "FinalSis457jjce", "FinalSis457jjce\FinalSis457jjce.csproj", "{3CD4AF39-DAF5-49C4-8214-EE8B6AE5E9D6}"
EndProject
Global
	GlobalSection(SolutionConfigurationPlatforms) = preSolution
		Debug|Any CPU = Debug|Any CPU
		Release|Any CPU = Release|Any CPU
	EndGlobalSection
	GlobalSection(ProjectConfigurationPlatforms) = postSolution
		{3CD4AF39-DAF5-49C4-8214-EE8B6AE5E9D6}.Debug|Any CPU.ActiveCfg = Debug|Any CPU
		{3CD4AF39-DAF5-49C4-8214-EE8B6AE5E9D6}.Debug|Any CPU.Build.0 = Debug|Any CPU
		{3CD4AF39-DAF5-49C4-8214-EE8B6AE5E9D6}.Release|Any CPU.ActiveCfg = Release|Any CPU
		{3CD4AF39-DAF5-49C4-8214-EE8B6AE5E9D6}.Release|Any CPU.Build.0 = Release|Any CPU
	EndGlobalSection
	GlobalSection(SolutionProperties) = preSolution
		HideSolutionNode = FALSE
	EndGlobalSection
	GlobalSection(ExtensibilityGlobals) = postSolution
		SolutionGuid = {DB61D109-83CF-4859-BC8F-988E06F3ACA7}
	EndGlobalSection
EndGlobal
